PODS:
  - UMCCommon (1.5.2)
  - UMCShare/Core (6.9.4):
    - UMCCommon
  - UMCShare/Social/Facebook (6.9.4):
    - UMCCommon
    - UMCShare/Core
  - UMCShare/Social/Instagram (6.9.4):
    - UMCCommon
    - UMCShare/Core
  - UMCShare/Social/Twitter (6.9.4):
    - UMCCommon
    - UMCShare/Core
  - UMCShare/UI (6.9.4):
    - UMCCommon
    - UMCShare/Core

DEPENDENCIES:
  - UMCShare/Social/Facebook
  - UMCShare/Social/Instagram
  - UMCShare/Social/Twitter
  - UMCShare/UI

SPEC REPOS:
  https://github.com/cocoapods/specs.git:
    - UMCCommon
    - UMCShare

SPEC CHECKSUMS:
  UMCCommon: 4392868ac47ff1b101663106bb114ba616fabbad
  UMCShare: aa233aecad67979930fe43f3a2f676023b669439

PODFILE CHECKSUM: 891d5e1be4f2782424cc1da202f26fa81116496a

COCOAPODS: 1.6.0.beta.2
