PODS:
  - UMCCommon (1.5.3)
  - UMCShare/Core (6.9.5):
    - UMCCommon
  - UMCShare/Social/Facebook (6.9.5):
    - UMCCommon
    - UMCShare/Core
  - UMCShare/Social/Instagram (6.9.5):
    - UMCCommon
    - UMCShare/Core
  - UMCShare/UI (6.9.5):
    - UMCCommon
    - UMCShare/Core

DEPENDENCIES:
  - UMCShare/Social/Facebook
  - UMCShare/Social/Instagram
  - UMCShare/UI

SPEC REPOS:
  https://github.com/cocoapods/specs.git:
    - UMCCommon
    - UMCShare

SPEC CHECKSUMS:
  UMCCommon: 016af43c0f769feb1ae1861d65aaf2b23b89c9c7
  UMCShare: 552b29753f1b4da87b51d96545ed19e6263df397

PODFILE CHECKSUM: 9ce641c28ba7ffd2c08582ddf50f83479c4694a6

COCOAPODS: 1.6.0.beta.2
