// !$*UTF8*$!
{
	archiveVersion = 1;
	classes = {
	};
	objectVersion = 50;
	objects = {

/* Begin PBXBuildFile section */
		2F271D6B217EC7710011D2F1 /* AppDelegate.m in Sources */ = {isa = PBXBuildFile; fileRef = 2F271D6A217EC7710011D2F1 /* AppDelegate.m */; };
		2F271D6E217EC7710011D2F1 /* ViewController.m in Sources */ = {isa = PBXBuildFile; fileRef = 2F271D6D217EC7710011D2F1 /* ViewController.m */; };
		2F271D71217EC7710011D2F1 /* Main.storyboard in Resources */ = {isa = PBXBuildFile; fileRef = 2F271D6F217EC7710011D2F1 /* Main.storyboard */; };
		2F271D73217EC7720011D2F1 /* Assets.xcassets in Resources */ = {isa = PBXBuildFile; fileRef = 2F271D72217EC7720011D2F1 /* Assets.xcassets */; };
		2F271D76217EC7720011D2F1 /* LaunchScreen.storyboard in Resources */ = {isa = PBXBuildFile; fileRef = 2F271D74217EC7720011D2F1 /* LaunchScreen.storyboard */; };
		2F271D79217EC7720011D2F1 /* main.m in Sources */ = {isa = PBXBuildFile; fileRef = 2F271D78217EC7720011D2F1 /* main.m */; };
/* End PBXBuildFile section */

/* Begin PBXFileReference section */
		2F271D66217EC7710011D2F1 /* LoginAndShare.app */ = {isa = PBXFileReference; explicitFileType = wrapper.application; includeInIndex = 0; path = LoginAndShare.app; sourceTree = BUILT_PRODUCTS_DIR; };
		2F271D69217EC7710011D2F1 /* AppDelegate.h */ = {isa = PBXFileReference; lastKnownFileType = sourcecode.c.h; path = AppDelegate.h; sourceTree = "<group>"; };
		2F271D6A217EC7710011D2F1 /* AppDelegate.m */ = {isa = PBXFileReference; lastKnownFileType = sourcecode.c.objc; path = AppDelegate.m; sourceTree = "<group>"; };
		2F271D6C217EC7710011D2F1 /* ViewController.h */ = {isa = PBXFileReference; lastKnownFileType = sourcecode.c.h; path = ViewController.h; sourceTree = "<group>"; };
		2F271D6D217EC7710011D2F1 /* ViewController.m */ = {isa = PBXFileReference; lastKnownFileType = sourcecode.c.objc; path = ViewController.m; sourceTree = "<group>"; };
		2F271D70217EC7710011D2F1 /* Base */ = {isa = PBXFileReference; lastKnownFileType = file.storyboard; name = Base; path = Base.lproj/Main.storyboard; sourceTree = "<group>"; };
		2F271D72217EC7720011D2F1 /* Assets.xcassets */ = {isa = PBXFileReference; lastKnownFileType = folder.assetcatalog; path = Assets.xcassets; sourceTree = "<group>"; };
		2F271D75217EC7720011D2F1 /* Base */ = {isa = PBXFileReference; lastKnownFileType = file.storyboard; name = Base; path = Base.lproj/LaunchScreen.storyboard; sourceTree = "<group>"; };
		2F271D77217EC7720011D2F1 /* Info.plist */ = {isa = PBXFileReference; lastKnownFileType = text.plist.xml; path = Info.plist; sourceTree = "<group>"; };
		2F271D78217EC7720011D2F1 /* main.m */ = {isa = PBXFileReference; lastKnownFileType = sourcecode.c.objc; path = main.m; sourceTree = "<group>"; };
/* End PBXFileReference section */

/* Begin PBXFrameworksBuildPhase section */
		2F271D63217EC7710011D2F1 /* Frameworks */ = {
			isa = PBXFrameworksBuildPhase;
			buildActionMask = 2147483647;
			files = (
			);
			runOnlyForDeploymentPostprocessing = 0;
		};
/* End PBXFrameworksBuildPhase section */

/* Begin PBXGroup section */
		2F271D5D217EC7710011D2F1 = {
			isa = PBXGroup;
			children = (
				2F271D68217EC7710011D2F1 /* LoginAndShare */,
				2F271D67217EC7710011D2F1 /* Products */,
			);
			sourceTree = "<group>";
		};
		2F271D67217EC7710011D2F1 /* Products */ = {
			isa = PBXGroup;
			children = (
				2F271D66217EC7710011D2F1 /* LoginAndShare.app */,
			);
			name = Products;
			sourceTree = "<group>";
		};
		2F271D68217EC7710011D2F1 /* LoginAndShare */ = {
			isa = PBXGroup;
			children = (
				2F271D69217EC7710011D2F1 /* AppDelegate.h */,
				2F271D6A217EC7710011D2F1 /* AppDelegate.m */,
				2F271D6C217EC7710011D2F1 /* ViewController.h */,
				2F271D6D217EC7710011D2F1 /* ViewController.m */,
				2F271D6F217EC7710011D2F1 /* Main.storyboard */,
				2F271D72217EC7720011D2F1 /* Assets.xcassets */,
				2F271D74217EC7720011D2F1 /* LaunchScreen.storyboard */,
				2F271D77217EC7720011D2F1 /* Info.plist */,
				2F271D78217EC7720011D2F1 /* main.m */,
			);
			path = LoginAndShare;
			sourceTree = "<group>";
		};
/* End PBXGroup section */

/* Begin PBXNativeTarget section */
		2F271D65217EC7710011D2F1 /* LoginAndShare */ = {
			isa = PBXNativeTarget;
			buildConfigurationList = 2F271D7C217EC7720011D2F1 /* Build configuration list for PBXNativeTarget "LoginAndShare" */;
			buildPhases = (
				2F271D62217EC7710011D2F1 /* Sources */,
				2F271D63217EC7710011D2F1 /* Frameworks */,
				2F271D64217EC7710011D2F1 /* Resources */,
			);
			buildRules = (
			);
			dependencies = (
			);
			name = LoginAndShare;
			productName = LoginAndShare;
			productReference = 2F271D66217EC7710011D2F1 /* LoginAndShare.app */;
			productType = "com.apple.product-type.application";
		};
/* End PBXNativeTarget section */

/* Begin PBXProject section */
		2F271D5E217EC7710011D2F1 /* Project object */ = {
			isa = PBXProject;
			attributes = {
				LastUpgradeCheck = 1000;
				ORGANIZATIONNAME = yang123;
				TargetAttributes = {
					2F271D65217EC7710011D2F1 = {
						CreatedOnToolsVersion = 10.0;
					};
				};
			};
			buildConfigurationList = 2F271D61217EC7710011D2F1 /* Build configuration list for PBXProject "LoginAndShare" */;
			compatibilityVersion = "Xcode 9.3";
			developmentRegion = en;
			hasScannedForEncodings = 0;
			knownRegions = (
				en,
				Base,
			);
			mainGroup = 2F271D5D217EC7710011D2F1;
			productRefGroup = 2F271D67217EC7710011D2F1 /* Products */;
			projectDirPath = "";
			projectRoot = "";
			targets = (
				2F271D65217EC7710011D2F1 /* LoginAndShare */,
			);
		};
/* End PBXProject section */

/* Begin PBXResourcesBuildPhase section */
		2F271D64217EC7710011D2F1 /* Resources */ = {
			isa = PBXResourcesBuildPhase;
			buildActionMask = 2147483647;
			files = (
				2F271D76217EC7720011D2F1 /* LaunchScreen.storyboard in Resources */,
				2F271D73217EC7720011D2F1 /* Assets.xcassets in Resources */,
				2F271D71217EC7710011D2F1 /* Main.storyboard in Resources */,
			);
			runOnlyForDeploymentPostprocessing = 0;
		};
/* End PBXResourcesBuildPhase section */

/* Begin PBXSourcesBuildPhase section */
		2F271D62217EC7710011D2F1 /* Sources */ = {
			isa = PBXSourcesBuildPhase;
			buildActionMask = 2147483647;
			files = (
				2F271D6E217EC7710011D2F1 /* ViewController.m in Sources */,
				2F271D79217EC7720011D2F1 /* main.m in Sources */,
				2F271D6B217EC7710011D2F1 /* AppDelegate.m in Sources */,
			);
			runOnlyForDeploymentPostprocessing = 0;
		};
/* End PBXSourcesBuildPhase section */

/* Begin PBXVariantGroup section */
		2F271D6F217EC7710011D2F1 /* Main.storyboard */ = {
			isa = PBXVariantGroup;
			children = (
				2F271D70217EC7710011D2F1 /* Base */,
			);
			name = Main.storyboard;
			sourceTree = "<group>";
		};
		2F271D74217EC7720011D2F1 /* LaunchScreen.storyboard */ = {
			isa = PBXVariantGroup;
			children = (
				2F271D75217EC7720011D2F1 /* Base */,
			);
			name = LaunchScreen.storyboard;
			sourceTree = "<group>";
		};
/* End PBXVariantGroup section */

/* Begin XCBuildConfiguration section */
		2F271D7A217EC7720011D2F1 /* Debug */ = {
			isa = XCBuildConfiguration;
			buildSettings = {
				ALWAYS_SEARCH_USER_PATHS = NO;
				CLANG_ANALYZER_NONNULL = YES;
				CLANG_ANALYZER_NUMBER_OBJECT_CONVERSION = YES_AGGRESSIVE;
				CLANG_CXX_LANGUAGE_STANDARD = "gnu++14";
				CLANG_CXX_LIBRARY = "libc++";
				CLANG_ENABLE_MODULES = YES;
				CLANG_ENABLE_OBJC_ARC = YES;
				CLANG_ENABLE_OBJC_WEAK = YES;
				CLANG_WARN_BLOCK_CAPTURE_AUTORELEASING = YES;
				CLANG_WARN_BOOL_CONVERSION = YES;
				CLANG_WARN_COMMA = YES;
				CLANG_WARN_CONSTANT_CONVERSION = YES;
				CLANG_WARN_DEPRECATED_OBJC_IMPLEMENTATIONS = YES;
				CLANG_WARN_DIRECT_OBJC_ISA_USAGE = YES_ERROR;
				CLANG_WARN_DOCUMENTATION_COMMENTS = YES;
				CLANG_WARN_EMPTY_BODY = YES;
				CLANG_WARN_ENUM_CONVERSION = YES;
				CLANG_WARN_INFINITE_RECURSION = YES;
				CLANG_WARN_INT_CONVERSION = YES;
				CLANG_WARN_NON_LITERAL_NULL_CONVERSION = YES;
				CLANG_WARN_OBJC_IMPLICIT_RETAIN_SELF = YES;
				CLANG_WARN_OBJC_LITERAL_CONVERSION = YES;
				CLANG_WARN_OBJC_ROOT_CLASS = YES_ERROR;
				CLANG_WARN_RANGE_LOOP_ANALYSIS = YES;
				CLANG_WARN_STRICT_PROTOTYPES = YES;
				CLANG_WARN_SUSPICIOUS_MOVE = YES;
				CLANG_WARN_UNGUARDED_AVAILABILITY = YES_AGGRESSIVE;
				CLANG_WARN_UNREACHABLE_CODE = YES;
				CLANG_WARN__DUPLICATE_METHOD_MATCH = YES;
				CODE_SIGN_IDENTITY = "iPhone Developer";
				COPY_PHASE_STRIP = NO;
				DEBUG_INFORMATION_FORMAT = dwarf;
				ENABLE_STRICT_OBJC_MSGSEND = YES;
				ENABLE_TESTABILITY = YES;
				GCC_C_LANGUAGE_STANDARD = gnu11;
				GCC_DYNAMIC_NO_PIC = NO;
				GCC_NO_COMMON_BLOCKS = YES;
				GCC_OPTIMIZATION_LEVEL = 0;
				GCC_PREPROCESSOR_DEFINITIONS = (
					"DEBUG=1",
					"$(inherited)",
				);
				GCC_WARN_64_TO_32_BIT_CONVERSION = YES;
				GCC_WARN_ABOUT_RETURN_TYPE = YES_ERROR;
				GCC_WARN_UNDECLARED_SELECTOR = YES;
				GCC_WARN_UNINITIALIZED_AUTOS = YES_AGGRESSIVE;
				GCC_WARN_UNUSED_FUNCTION = YES;
				GCC_WARN_UNUSED_VARIABLE = YES;
				IPHONEOS_DEPLOYMENT_TARGET = 12.0;
				MTL_ENABLE_DEBUG_INFO = INCLUDE_SOURCE;
				MTL_FAST_MATH = YES;
				ONLY_ACTIVE_ARCH = YES;
				SDKROOT = iphoneos;
			};
			name = Debug;
		};
		2F271D7B217EC7720011D2F1 /* Release */ = {
			isa = XCBuildConfiguration;
			buildSettings = {
				ALWAYS_SEARCH_USER_PATHS = NO;
				CLANG_ANALYZER_NONNULL = YES;
				CLANG_ANALYZER_NUMBER_OBJECT_CONVERSION = YES_AGGRESSIVE;
				CLANG_CXX_LANGUAGE_STANDARD = "gnu++14";
				CLANG_CXX_LIBRARY = "libc++";
				CLANG_ENABLE_MODULES = YES;
				CLANG_ENABLE_OBJC_ARC = YES;
				CLANG_ENABLE_OBJC_WEAK = YES;
				CLANG_WARN_BLOCK_CAPTURE_AUTORELEASING = YES;
				CLANG_WARN_BOOL_CONVERSION = YES;
				CLANG_WARN_COMMA = YES;
				CLANG_WARN_CONSTANT_CONVERSION = YES;
				CLANG_WARN_DEPRECATED_OBJC_IMPLEMENTATIONS = YES;
				CLANG_WARN_DIRECT_OBJC_ISA_USAGE = YES_ERROR;
				CLANG_WARN_DOCUMENTATION_COMMENTS = YES;
				CLANG_WARN_EMPTY_BODY = YES;
				CLANG_WARN_ENUM_CONVERSION = YES;
				CLANG_WARN_INFINITE_RECURSION = YES;
				CLANG_WARN_INT_CONVERSION = YES;
				CLANG_WARN_NON_LITERAL_NULL_CONVERSION = YES;
				CLANG_WARN_OBJC_IMPLICIT_RETAIN_SELF = YES;
				CLANG_WARN_OBJC_LITERAL_CONVERSION = YES;
				CLANG_WARN_OBJC_ROOT_CLASS = YES_ERROR;
				CLANG_WARN_RANGE_LOOP_ANALYSIS = YES;
				CLANG_WARN_STRICT_PROTOTYPES = YES;
				CLANG_WARN_SUSPICIOUS_MOVE = YES;
				CLANG_WARN_UNGUARDED_AVAILABILITY = YES_AGGRESSIVE;
				CLANG_WARN_UNREACHABLE_CODE = YES;
				CLANG_WARN__DUPLICATE_METHOD_MATCH = YES;
				CODE_SIGN_IDENTITY = "iPhone Developer";
				COPY_PHASE_STRIP = NO;
				DEBUG_INFORMATION_FORMAT = "dwarf-with-dsym";
				ENABLE_NS_ASSERTIONS = NO;
				ENABLE_STRICT_OBJC_MSGSEND = YES;
				GCC_C_LANGUAGE_STANDARD = gnu11;
				GCC_NO_COMMON_BLOCKS = YES;
				GCC_WARN_64_TO_32_BIT_CONVERSION = YES;
				GCC_WARN_ABOUT_RETURN_TYPE = YES_ERROR;
				GCC_WARN_UNDECLARED_SELECTOR = YES;
				GCC_WARN_UNINITIALIZED_AUTOS = YES_AGGRESSIVE;
				GCC_WARN_UNUSED_FUNCTION = YES;
				GCC_WARN_UNUSED_VARIABLE = YES;
				IPHONEOS_DEPLOYMENT_TARGET = 12.0;
				MTL_ENABLE_DEBUG_INFO = NO;
				MTL_FAST_MATH = YES;
				SDKROOT = iphoneos;
				VALIDATE_PRODUCT = YES;
			};
			name = Release;
		};
		2F271D7D217EC7720011D2F1 /* Debug */ = {
			isa = XCBuildConfiguration;
			buildSettings = {
				ASSETCATALOG_COMPILER_APPICON_NAME = AppIcon;
				CODE_SIGN_STYLE = Automatic;
				INFOPLIST_FILE = LoginAndShare/Info.plist;
				LD_RUNPATH_SEARCH_PATHS = (
					"$(inherited)",
					"@executable_path/Frameworks",
				);
				PRODUCT_BUNDLE_IDENTIFIER = yang.LoginAndShare;
				PRODUCT_NAME = "$(TARGET_NAME)";
				TARGETED_DEVICE_FAMILY = "1,2";
			};
			name = Debug;
		};
		2F271D7E217EC7720011D2F1 /* Release */ = {
			isa = XCBuildConfiguration;
			buildSettings = {
				ASSETCATALOG_COMPILER_APPICON_NAME = AppIcon;
				CODE_SIGN_STYLE = Automatic;
				INFOPLIST_FILE = LoginAndShare/Info.plist;
				LD_RUNPATH_SEARCH_PATHS = (
					"$(inherited)",
					"@executable_path/Frameworks",
				);
				PRODUCT_BUNDLE_IDENTIFIER = yang.LoginAndShare;
				PRODUCT_NAME = "$(TARGET_NAME)";
				TARGETED_DEVICE_FAMILY = "1,2";
			};
			name = Release;
		};
/* End XCBuildConfiguration section */

/* Begin XCConfigurationList section */
		2F271D61217EC7710011D2F1 /* Build configuration list for PBXProject "LoginAndShare" */ = {
			isa = XCConfigurationList;
			buildConfigurations = (
				2F271D7A217EC7720011D2F1 /* Debug */,
				2F271D7B217EC7720011D2F1 /* Release */,
			);
			defaultConfigurationIsVisible = 0;
			defaultConfigurationName = Release;
		};
		2F271D7C217EC7720011D2F1 /* Build configuration list for PBXNativeTarget "LoginAndShare" */ = {
			isa = XCConfigurationList;
			buildConfigurations = (
				2F271D7D217EC7720011D2F1 /* Debug */,
				2F271D7E217EC7720011D2F1 /* Release */,
			);
			defaultConfigurationIsVisible = 0;
			defaultConfigurationName = Release;
		};
/* End XCConfigurationList section */
	};
	rootObject = 2F271D5E217EC7710011D2F1 /* Project object */;
}
